
Microsoft Visual Studio Solution File, Format Version 12.00
# Visual Studio 2012
Project("{FAE04EC0-301F-11D3-BF4B-00C04F79EFBC}") = "XnNationalDefenseMobilize", "XnNationalDefenseMobilize\XnNationalDefenseMobilize.csproj", "{03F86041-85FB-4F73-AA22-A56F5DC935DF}"
EndProject
Global
	GlobalSection(SolutionConfigurationPlatforms) = preSolution
		Debug|Any CPU = Debug|Any CPU
		Release|Any CPU = Release|Any CPU
	EndGlobalSection
	GlobalSection(ProjectConfigurationPlatforms) = postSolution
		{03F86041-85FB-4F73-AA22-A56F5DC935DF}.Debug|Any CPU.ActiveCfg = Debug|Any CPU
		{03F86041-85FB-4F73-AA22-A56F5DC935DF}.Debug|Any CPU.Build.0 = Debug|Any CPU
		{03F86041-85FB-4F73-AA22-A56F5DC935DF}.Release|Any CPU.ActiveCfg = Release|Any CPU
		{03F86041-85FB-4F73-AA22-A56F5DC935DF}.Release|Any CPU.Build.0 = Release|Any CPU
	EndGlobalSection
	GlobalSection(SolutionProperties) = preSolution
		HideSolutionNode = FALSE
	EndGlobalSection
EndGlobal
